
Microsoft Visual Studio Solution File, Format Version 12.00
Project("{FAE04EC0-301F-11D3-BF4B-00C04F79EFBC}") = "SecurityNet.API", "SecurityNet.API\SecurityNet.API.csproj", "{6791455B-2D20-47A3-A700-F98E7AA66399}"
EndProject
Project("{2150E333-8FDC-42A3-9474-1A3956D46DE8}") = "Solution Items", "Solution Items", "{1BE75006-2F46-4543-9A46-FCC926A5CA61}"
	ProjectSection(SolutionItems) = preProject
		compose.yaml = compose.yaml
	EndProjectSection
EndProject
Project("{FAE04EC0-301F-11D3-BF4B-00C04F79EFBC}") = "SecurityNet.Infrastructure", "SecurityNet.Infrastructure\SecurityNet.Infrastructure.csproj", "{43918D09-B0B0-4409-9F18-2329E7BCD801}"
EndProject
Project("{FAE04EC0-301F-11D3-BF4B-00C04F79EFBC}") = "SecurityNet.Domain", "SecurityNet.Domain\SecurityNet.Domain.csproj", "{065F812B-3787-48D9-A8D7-07EC4EC4F4D6}"
EndProject
Project("{FAE04EC0-301F-11D3-BF4B-00C04F79EFBC}") = "SecurityNet.Application", "SecurityNet.Application\SecurityNet.Application.csproj", "{3B1E76FB-40E7-465A-A286-1201572975EE}"
EndProject
Global
	GlobalSection(SolutionConfigurationPlatforms) = preSolution
		Debug|Any CPU = Debug|Any CPU
		Release|Any CPU = Release|Any CPU
	EndGlobalSection
	GlobalSection(ProjectConfigurationPlatforms) = postSolution
		{6791455B-2D20-47A3-A700-F98E7AA66399}.Debug|Any CPU.ActiveCfg = Debug|Any CPU
		{6791455B-2D20-47A3-A700-F98E7AA66399}.Debug|Any CPU.Build.0 = Debug|Any CPU
		{6791455B-2D20-47A3-A700-F98E7AA66399}.Release|Any CPU.ActiveCfg = Release|Any CPU
		{6791455B-2D20-47A3-A700-F98E7AA66399}.Release|Any CPU.Build.0 = Release|Any CPU
		{43918D09-B0B0-4409-9F18-2329E7BCD801}.Debug|Any CPU.ActiveCfg = Debug|Any CPU
		{43918D09-B0B0-4409-9F18-2329E7BCD801}.Debug|Any CPU.Build.0 = Debug|Any CPU
		{43918D09-B0B0-4409-9F18-2329E7BCD801}.Release|Any CPU.ActiveCfg = Release|Any CPU
		{43918D09-B0B0-4409-9F18-2329E7BCD801}.Release|Any CPU.Build.0 = Release|Any CPU
		{065F812B-3787-48D9-A8D7-07EC4EC4F4D6}.Debug|Any CPU.ActiveCfg = Debug|Any CPU
		{065F812B-3787-48D9-A8D7-07EC4EC4F4D6}.Debug|Any CPU.Build.0 = Debug|Any CPU
		{065F812B-3787-48D9-A8D7-07EC4EC4F4D6}.Release|Any CPU.ActiveCfg = Release|Any CPU
		{065F812B-3787-48D9-A8D7-07EC4EC4F4D6}.Release|Any CPU.Build.0 = Release|Any CPU
		{3B1E76FB-40E7-465A-A286-1201572975EE}.Debug|Any CPU.ActiveCfg = Debug|Any CPU
		{3B1E76FB-40E7-465A-A286-1201572975EE}.Debug|Any CPU.Build.0 = Debug|Any CPU
		{3B1E76FB-40E7-465A-A286-1201572975EE}.Release|Any CPU.ActiveCfg = Release|Any CPU
		{3B1E76FB-40E7-465A-A286-1201572975EE}.Release|Any CPU.Build.0 = Release|Any CPU
	EndGlobalSection
EndGlobal
